<?xml version="1.0" encoding="utf-8"?>
<Project ToolsVersion="4.0" xmlns="http://schemas.microsoft.com/developer/msbuild/2003">
  <ItemGroup>
    <Filter Include="Engine">
      <UniqueIdentifier>{a4985e1d-aaa0-4b4d-9815-82c31917d2a6}</UniqueIdentifier>
    </Filter>
    <Filter Include="Engine\High Level Interface">
      <UniqueIdentifier>{7417b951-1d53-4094-a83e-e1b6622177f9}</UniqueIdentifier>
    </Filter>
    <Filter Include="Engine\Common">
      <UniqueIdentifier>{6d9de797-0de6-41be-a518-0ad92d20657f}</UniqueIdentifier>
    </Filter>
    <Filter Include="Engine\Input">
      <UniqueIdentifier>{4da3b633-55a8-4b51-8d96-ef200086e5bb}</UniqueIdentifier>
    </Filter>
    <Filter Include="Engine\Time">
      <UniqueIdentifier>{dc75b5f7-e943-4117-af22-20334b9d177c}</UniqueIdentifier>
    </Filter>
    <Filter Include="Engine\Bounce">
      <UniqueIdentifier>{9143b996-d022-4909-95ec-0a03c6a6eb94}</UniqueIdentifier>
    </Filter>
    <Filter Include="Engine\Time\Windows">
      <UniqueIdentifier>{33dc0a16-66f8-40d4-b853-d67ef04590bf}</UniqueIdentifier>
    </Filter>
    <Filter Include="Engine\Time\Windows\Resource">
      <UniqueIdentifier>{023f4c88-d2d2-4aa6-a740-7c112a1124c2}</UniqueIdentifier>
    </Filter>
    <Filter Include="Engine\Time\Windows\Header">
      <UniqueIdentifier>{dbbbb535-9b46-46d2-85e5-42c678d3803f}</UniqueIdentifier>
    </Filter>
  </ItemGroup>
  <ItemGroup>
    <ClInclude Include="Client.h">
      <Filter>Engine\Time\Windows\Header</Filter>
    </ClInclude>
    <ClInclude Include="framework.h">
      <Filter>Engine\Time\Windows\Header</Filter>
    </ClInclude>
    <ClInclude Include="Resource.h">
      <Filter>Engine\Time\Windows\Header</Filter>
    </ClInclude>
    <ClInclude Include="targetver.h">
      <Filter>Engine\Time\Windows\Header</Filter>
    </ClInclude>
    <ClInclude Include="yaApplication.h">
      <Filter>Engine\High Level Interface</Filter>
    </ClInclude>
    <ClInclude Include="CommonInclude.h">
      <Filter>Engine\Common</Filter>
    </ClInclude>
    <ClInclude Include="yaMath.h">
      <Filter>Engine\Common</Filter>
    </ClInclude>
    <ClInclude Include="yaInput.h">
      <Filter>Engine\Input</Filter>
    </ClInclude>
    <ClInclude Include="yaTime.h">
      <Filter>Engine\Time</Filter>
    </ClInclude>
    <ClInclude Include="Bounce.h">
      <Filter>Engine\Bounce</Filter>
    </ClInclude>
  </ItemGroup>
  <ItemGroup>
    <Image Include="small.ico">
      <Filter>Engine\Time\Windows\Resource</Filter>
    </Image>
    <Image Include="Client.ico">
      <Filter>Engine\Time\Windows\Resource</Filter>
    </Image>
  </ItemGroup>
  <ItemGroup>
    <ResourceCompile Include="Client.rc">
      <Filter>Engine\Time\Windows\Resource</Filter>
    </ResourceCompile>
  </ItemGroup>
  <ItemGroup>
    <ClCompile Include="main.cpp" />
    <ClCompile Include="yaApplication.cpp">
      <Filter>Engine\High Level Interface</Filter>
    </ClCompile>
    <ClCompile Include="yaInput.cpp">
      <Filter>Engine\Input</Filter>
    </ClCompile>
    <ClCompile Include="yaTime.cpp">
      <Filter>Engine\Time</Filter>
    </ClCompile>
    <ClCompile Include="Bounce.cpp">
      <Filter>Engine\Bounce</Filter>
    </ClCompile>
  </ItemGroup>
</Project>